<Solution>
  <Folder Name="/github/">
    <File Path=".gitignore" />
  </Folder>
  <Project Path="src\Samples\Samples.csproj" />
  <Project Path="deps/magpie-shaderc/src/ShaderCompilation/ShaderCompilation.csproj" />
  <Project Path="deps/stained-glass/src/StainedGlass/StainedGlass.csproj" />
  <Project Path="deps/standard/src/Standard/Standard.csproj" />
  <Project Path="src\Magpie\Magpie.csproj" />
</Solution>
